
Microsoft Visual Studio Solution File, Format Version 12.00
# Visual Studio Version 17
VisualStudioVersion = 17.3.32901.215
MinimumVisualStudioVersion = 10.0.40219.1
Project("{FAE04EC0-301F-11D3-BF4B-00C04F79EFBC}") = "UI", "UI\UI.csproj", "{1DCBCB68-15E0-4260-AE5E-08025F3F9B76}"
EndProject
Project("{FAE04EC0-301F-11D3-BF4B-00C04F79EFBC}") = "BLL", "BLL\BLL.csproj", "{B79F0944-4074-46F8-BDE3-F2535BFB5B26}"
EndProject
Project("{FAE04EC0-301F-11D3-BF4B-00C04F79EFBC}") = "DAL", "DAL\DAL.csproj", "{3FE468DB-C72B-4BCB-AB67-9C439741B99F}"
EndProject
Project("{FAE04EC0-301F-11D3-BF4B-00C04F79EFBC}") = "DM", "DM\DM.csproj", "{7CB9D11C-A99F-4565-A5EA-82B7B8D056C7}"
EndProject
Global
	GlobalSection(SolutionConfigurationPlatforms) = preSolution
		Debug|Any CPU = Debug|Any CPU
		Release|Any CPU = Release|Any CPU
	EndGlobalSection
	GlobalSection(ProjectConfigurationPlatforms) = postSolution
		{1DCBCB68-15E0-4260-AE5E-08025F3F9B76}.Debug|Any CPU.ActiveCfg = Debug|Any CPU
		{1DCBCB68-15E0-4260-AE5E-08025F3F9B76}.Debug|Any CPU.Build.0 = Debug|Any CPU
		{1DCBCB68-15E0-4260-AE5E-08025F3F9B76}.Release|Any CPU.ActiveCfg = Release|Any CPU
		{1DCBCB68-15E0-4260-AE5E-08025F3F9B76}.Release|Any CPU.Build.0 = Release|Any CPU
		{B79F0944-4074-46F8-BDE3-F2535BFB5B26}.Debug|Any CPU.ActiveCfg = Debug|Any CPU
		{B79F0944-4074-46F8-BDE3-F2535BFB5B26}.Debug|Any CPU.Build.0 = Debug|Any CPU
		{B79F0944-4074-46F8-BDE3-F2535BFB5B26}.Release|Any CPU.ActiveCfg = Release|Any CPU
		{B79F0944-4074-46F8-BDE3-F2535BFB5B26}.Release|Any CPU.Build.0 = Release|Any CPU
		{3FE468DB-C72B-4BCB-AB67-9C439741B99F}.Debug|Any CPU.ActiveCfg = Debug|Any CPU
		{3FE468DB-C72B-4BCB-AB67-9C439741B99F}.Debug|Any CPU.Build.0 = Debug|Any CPU
		{3FE468DB-C72B-4BCB-AB67-9C439741B99F}.Release|Any CPU.ActiveCfg = Release|Any CPU
		{3FE468DB-C72B-4BCB-AB67-9C439741B99F}.Release|Any CPU.Build.0 = Release|Any CPU
		{7CB9D11C-A99F-4565-A5EA-82B7B8D056C7}.Debug|Any CPU.ActiveCfg = Debug|Any CPU
		{7CB9D11C-A99F-4565-A5EA-82B7B8D056C7}.Debug|Any CPU.Build.0 = Debug|Any CPU
		{7CB9D11C-A99F-4565-A5EA-82B7B8D056C7}.Release|Any CPU.ActiveCfg = Release|Any CPU
		{7CB9D11C-A99F-4565-A5EA-82B7B8D056C7}.Release|Any CPU.Build.0 = Release|Any CPU
	EndGlobalSection
	GlobalSection(SolutionProperties) = preSolution
		HideSolutionNode = FALSE
	EndGlobalSection
	GlobalSection(ExtensibilityGlobals) = postSolution
		SolutionGuid = {09B410F4-9284-4003-9E39-B2AD7A58ABB4}
	EndGlobalSection
EndGlobal
